// !$*UTF8*$!
{
	archiveVersion = 1;
	classes = {
	};
	objectVersion = 46;
	objects = {

/* Begin PBXBuildFile section */
		C3F649451E64D4D1006B4DEE /* AppDelegate.swift in Sources */ = {isa = PBXBuildFile; fileRef = C3F649441E64D4D1006B4DEE /* AppDelegate.swift */; };
		C3F6494A1E64D4D1006B4DEE /* Main.storyboard in Resources */ = {isa = PBXBuildFile; fileRef = C3F649481E64D4D1006B4DEE /* Main.storyboard */; };
		C3F6494C1E64D4D1006B4DEE /* Assets.xcassets in Resources */ = {isa = PBXBuildFile; fileRef = C3F6494B1E64D4D1006B4DEE /* Assets.xcassets */; };
		C3F6494F1E64D4D1006B4DEE /* LaunchScreen.storyboard in Resources */ = {isa = PBXBuildFile; fileRef = C3F6494D1E64D4D1006B4DEE /* LaunchScreen.storyboard */; };
		C3F649571E64DB3E006B4DEE /* Representative.swift in Sources */ = {isa = PBXBuildFile; fileRef = C3F649561E64DB3E006B4DEE /* Representative.swift */; };
		C3F649591E64E0DD006B4DEE /* NetworkController.swift in Sources */ = {isa = PBXBuildFile; fileRef = C3F649581E64E0DD006B4DEE /* NetworkController.swift */; };
		C3F6495B1E64E4BE006B4DEE /* RepresentativeController.swift in Sources */ = {isa = PBXBuildFile; fileRef = C3F6495A1E64E4BE006B4DEE /* RepresentativeController.swift */; };
		C3F649601E64F575006B4DEE /* States.swift in Sources */ = {isa = PBXBuildFile; fileRef = C3F6495F1E64F575006B4DEE /* States.swift */; };
		C3F64A121E68C7E1006B4DEE /* StateListTableViewController.swift in Sources */ = {isa = PBXBuildFile; fileRef = C3F64A111E68C7E1006B4DEE /* StateListTableViewController.swift */; };
		C3F64A161E68D7D5006B4DEE /* StateDetailTableViewController.swift in Sources */ = {isa = PBXBuildFile; fileRef = C3F64A151E68D7D5006B4DEE /* StateDetailTableViewController.swift */; };
		C3F64A181E68E23B006B4DEE /* RepresentativeTableViewCell.swift in Sources */ = {isa = PBXBuildFile; fileRef = C3F64A171E68E23B006B4DEE /* RepresentativeTableViewCell.swift */; };
/* End PBXBuildFile section */

/* Begin PBXFileReference section */
		C3F649411E64D4D1006B4DEE /* Representatives.app */ = {isa = PBXFileReference; explicitFileType = wrapper.application; includeInIndex = 0; path = Representatives.app; sourceTree = BUILT_PRODUCTS_DIR; };
		C3F649441E64D4D1006B4DEE /* AppDelegate.swift */ = {isa = PBXFileReference; lastKnownFileType = sourcecode.swift; path = AppDelegate.swift; sourceTree = "<group>"; };
		C3F649491E64D4D1006B4DEE /* Base */ = {isa = PBXFileReference; lastKnownFileType = file.storyboard; name = Base; path = Base.lproj/Main.storyboard; sourceTree = "<group>"; };
		C3F6494B1E64D4D1006B4DEE /* Assets.xcassets */ = {isa = PBXFileReference; lastKnownFileType = folder.assetcatalog; path = Assets.xcassets; sourceTree = "<group>"; };
		C3F6494E1E64D4D1006B4DEE /* Base */ = {isa = PBXFileReference; lastKnownFileType = file.storyboard; name = Base; path = Base.lproj/LaunchScreen.storyboard; sourceTree = "<group>"; };
		C3F649501E64D4D1006B4DEE /* Info.plist */ = {isa = PBXFileReference; lastKnownFileType = text.plist.xml; path = Info.plist; sourceTree = "<group>"; };
		C3F649561E64DB3E006B4DEE /* Representative.swift */ = {isa = PBXFileReference; fileEncoding = 4; lastKnownFileType = sourcecode.swift; path = Representative.swift; sourceTree = "<group>"; };
		C3F649581E64E0DD006B4DEE /* NetworkController.swift */ = {isa = PBXFileReference; fileEncoding = 4; lastKnownFileType = sourcecode.swift; path = NetworkController.swift; sourceTree = "<group>"; };
		C3F6495A1E64E4BE006B4DEE /* RepresentativeController.swift */ = {isa = PBXFileReference; fileEncoding = 4; lastKnownFileType = sourcecode.swift; path = RepresentativeController.swift; sourceTree = "<group>"; };
		C3F6495F1E64F575006B4DEE /* States.swift */ = {isa = PBXFileReference; fileEncoding = 4; lastKnownFileType = sourcecode.swift; path = States.swift; sourceTree = "<group>"; };
		C3F64A111E68C7E1006B4DEE /* StateListTableViewController.swift */ = {isa = PBXFileReference; fileEncoding = 4; lastKnownFileType = sourcecode.swift; path = StateListTableViewController.swift; sourceTree = "<group>"; };
		C3F64A151E68D7D5006B4DEE /* StateDetailTableViewController.swift */ = {isa = PBXFileReference; fileEncoding = 4; lastKnownFileType = sourcecode.swift; path = StateDetailTableViewController.swift; sourceTree = "<group>"; };
		C3F64A171E68E23B006B4DEE /* RepresentativeTableViewCell.swift */ = {isa = PBXFileReference; fileEncoding = 4; lastKnownFileType = sourcecode.swift; path = RepresentativeTableViewCell.swift; sourceTree = "<group>"; };
/* End PBXFileReference section */

/* Begin PBXFrameworksBuildPhase section */
		C3F6493E1E64D4D1006B4DEE /* Frameworks */ = {
			isa = PBXFrameworksBuildPhase;
			buildActionMask = 2147483647;
			files = (
			);
			runOnlyForDeploymentPostprocessing = 0;
		};
/* End PBXFrameworksBuildPhase section */

/* Begin PBXGroup section */
		C3F649381E64D4D1006B4DEE = {
			isa = PBXGroup;
			children = (
				C3F649431E64D4D1006B4DEE /* Representatives */,
				C3F649421E64D4D1006B4DEE /* Products */,
			);
			sourceTree = "<group>";
		};
		C3F649421E64D4D1006B4DEE /* Products */ = {
			isa = PBXGroup;
			children = (
				C3F649411E64D4D1006B4DEE /* Representatives.app */,
			);
			name = Products;
			sourceTree = "<group>";
		};
		C3F649431E64D4D1006B4DEE /* Representatives */ = {
			isa = PBXGroup;
			children = (
				C3F649441E64D4D1006B4DEE /* AppDelegate.swift */,
				C3F649481E64D4D1006B4DEE /* Main.storyboard */,
				C3F6495C1E64E4C3006B4DEE /* Model */,
				C3F6495D1E64E4D5006B4DEE /* Controllers */,
				C3F6495E1E64E4DB006B4DEE /* ModelControllers */,
				C3F64A131E68CC3D006B4DEE /* ViewControllers */,
				C3F64A191E68E242006B4DEE /* View */,
				C3F64A141E68CC5A006B4DEE /* SupportFiles */,
			);
			path = Representatives;
			sourceTree = "<group>";
		};
		C3F6495C1E64E4C3006B4DEE /* Model */ = {
			isa = PBXGroup;
			children = (
				C3F649561E64DB3E006B4DEE /* Representative.swift */,
			);
			name = Model;
			sourceTree = "<group>";
		};
		C3F6495D1E64E4D5006B4DEE /* Controllers */ = {
			isa = PBXGroup;
			children = (
				C3F649581E64E0DD006B4DEE /* NetworkController.swift */,
			);
			name = Controllers;
			sourceTree = "<group>";
		};
		C3F6495E1E64E4DB006B4DEE /* ModelControllers */ = {
			isa = PBXGroup;
			children = (
				C3F6495A1E64E4BE006B4DEE /* RepresentativeController.swift */,
				C3F6495F1E64F575006B4DEE /* States.swift */,
			);
			name = ModelControllers;
			sourceTree = "<group>";
		};
		C3F64A131E68CC3D006B4DEE /* ViewControllers */ = {
			isa = PBXGroup;
			children = (
				C3F64A111E68C7E1006B4DEE /* StateListTableViewController.swift */,
				C3F64A151E68D7D5006B4DEE /* StateDetailTableViewController.swift */,
			);
			name = ViewControllers;
			sourceTree = "<group>";
		};
		C3F64A141E68CC5A006B4DEE /* SupportFiles */ = {
			isa = PBXGroup;
			children = (
				C3F6494B1E64D4D1006B4DEE /* Assets.xcassets */,
				C3F6494D1E64D4D1006B4DEE /* LaunchScreen.storyboard */,
				C3F649501E64D4D1006B4DEE /* Info.plist */,
			);
			name = SupportFiles;
			sourceTree = "<group>";
		};
		C3F64A191E68E242006B4DEE /* View */ = {
			isa = PBXGroup;
			children = (
				C3F64A171E68E23B006B4DEE /* RepresentativeTableViewCell.swift */,
			);
			name = View;
			sourceTree = "<group>";
		};
/* End PBXGroup section */

/* Begin PBXNativeTarget section */
		C3F649401E64D4D1006B4DEE /* Representatives */ = {
			isa = PBXNativeTarget;
			buildConfigurationList = C3F649531E64D4D1006B4DEE /* Build configuration list for PBXNativeTarget "Representatives" */;
			buildPhases = (
				C3F6493D1E64D4D1006B4DEE /* Sources */,
				C3F6493E1E64D4D1006B4DEE /* Frameworks */,
				C3F6493F1E64D4D1006B4DEE /* Resources */,
			);
			buildRules = (
			);
			dependencies = (
			);
			name = Representatives;
			productName = Representatives;
			productReference = C3F649411E64D4D1006B4DEE /* Representatives.app */;
			productType = "com.apple.product-type.application";
		};
/* End PBXNativeTarget section */

/* Begin PBXProject section */
		C3F649391E64D4D1006B4DEE /* Project object */ = {
			isa = PBXProject;
			attributes = {
				LastSwiftUpdateCheck = 0820;
				LastUpgradeCheck = 0820;
				ORGANIZATIONNAME = "Angela Montierth";
				TargetAttributes = {
					C3F649401E64D4D1006B4DEE = {
						CreatedOnToolsVersion = 8.2.1;
						ProvisioningStyle = Automatic;
					};
				};
			};
			buildConfigurationList = C3F6493C1E64D4D1006B4DEE /* Build configuration list for PBXProject "Representatives" */;
			compatibilityVersion = "Xcode 3.2";
			developmentRegion = English;
			hasScannedForEncodings = 0;
			knownRegions = (
				en,
				Base,
			);
			mainGroup = C3F649381E64D4D1006B4DEE;
			productRefGroup = C3F649421E64D4D1006B4DEE /* Products */;
			projectDirPath = "";
			projectRoot = "";
			targets = (
				C3F649401E64D4D1006B4DEE /* Representatives */,
			);
		};
/* End PBXProject section */

/* Begin PBXResourcesBuildPhase section */
		C3F6493F1E64D4D1006B4DEE /* Resources */ = {
			isa = PBXResourcesBuildPhase;
			buildActionMask = 2147483647;
			files = (
				C3F6494F1E64D4D1006B4DEE /* LaunchScreen.storyboard in Resources */,
				C3F6494C1E64D4D1006B4DEE /* Assets.xcassets in Resources */,
				C3F6494A1E64D4D1006B4DEE /* Main.storyboard in Resources */,
			);
			runOnlyForDeploymentPostprocessing = 0;
		};
/* End PBXResourcesBuildPhase section */

/* Begin PBXSourcesBuildPhase section */
		C3F6493D1E64D4D1006B4DEE /* Sources */ = {
			isa = PBXSourcesBuildPhase;
			buildActionMask = 2147483647;
			files = (
				C3F64A181E68E23B006B4DEE /* RepresentativeTableViewCell.swift in Sources */,
				C3F649601E64F575006B4DEE /* States.swift in Sources */,
				C3F64A121E68C7E1006B4DEE /* StateListTableViewController.swift in Sources */,
				C3F649571E64DB3E006B4DEE /* Representative.swift in Sources */,
				C3F649451E64D4D1006B4DEE /* AppDelegate.swift in Sources */,
				C3F64A161E68D7D5006B4DEE /* StateDetailTableViewController.swift in Sources */,
				C3F6495B1E64E4BE006B4DEE /* RepresentativeController.swift in Sources */,
				C3F649591E64E0DD006B4DEE /* NetworkController.swift in Sources */,
			);
			runOnlyForDeploymentPostprocessing = 0;
		};
/* End PBXSourcesBuildPhase section */

/* Begin PBXVariantGroup section */
		C3F649481E64D4D1006B4DEE /* Main.storyboard */ = {
			isa = PBXVariantGroup;
			children = (
				C3F649491E64D4D1006B4DEE /* Base */,
			);
			name = Main.storyboard;
			sourceTree = "<group>";
		};
		C3F6494D1E64D4D1006B4DEE /* LaunchScreen.storyboard */ = {
			isa = PBXVariantGroup;
			children = (
				C3F6494E1E64D4D1006B4DEE /* Base */,
			);
			name = LaunchScreen.storyboard;
			sourceTree = "<group>";
		};
/* End PBXVariantGroup section */

/* Begin XCBuildConfiguration section */
		C3F649511E64D4D1006B4DEE /* Debug */ = {
			isa = XCBuildConfiguration;
			buildSettings = {
				ALWAYS_SEARCH_USER_PATHS = NO;
				CLANG_ANALYZER_NONNULL = YES;
				CLANG_CXX_LANGUAGE_STANDARD = "gnu++0x";
				CLANG_CXX_LIBRARY = "libc++";
				CLANG_ENABLE_MODULES = YES;
				CLANG_ENABLE_OBJC_ARC = YES;
				CLANG_WARN_BOOL_CONVERSION = YES;
				CLANG_WARN_CONSTANT_CONVERSION = YES;
				CLANG_WARN_DIRECT_OBJC_ISA_USAGE = YES_ERROR;
				CLANG_WARN_DOCUMENTATION_COMMENTS = YES;
				CLANG_WARN_EMPTY_BODY = YES;
				CLANG_WARN_ENUM_CONVERSION = YES;
				CLANG_WARN_INFINITE_RECURSION = YES;
				CLANG_WARN_INT_CONVERSION = YES;
				CLANG_WARN_OBJC_ROOT_CLASS = YES_ERROR;
				CLANG_WARN_SUSPICIOUS_MOVE = YES;
				CLANG_WARN_UNREACHABLE_CODE = YES;
				CLANG_WARN__DUPLICATE_METHOD_MATCH = YES;
				"CODE_SIGN_IDENTITY[sdk=iphoneos*]" = "iPhone Developer";
				COPY_PHASE_STRIP = NO;
				DEBUG_INFORMATION_FORMAT = dwarf;
				ENABLE_STRICT_OBJC_MSGSEND = YES;
				ENABLE_TESTABILITY = YES;
				GCC_C_LANGUAGE_STANDARD = gnu99;
				GCC_DYNAMIC_NO_PIC = NO;
				GCC_NO_COMMON_BLOCKS = YES;
				GCC_OPTIMIZATION_LEVEL = 0;
				GCC_PREPROCESSOR_DEFINITIONS = (
					"DEBUG=1",
					"$(inherited)",
				);
				GCC_WARN_64_TO_32_BIT_CONVERSION = YES;
				GCC_WARN_ABOUT_RETURN_TYPE = YES_ERROR;
				GCC_WARN_UNDECLARED_SELECTOR = YES;
				GCC_WARN_UNINITIALIZED_AUTOS = YES_AGGRESSIVE;
				GCC_WARN_UNUSED_FUNCTION = YES;
				GCC_WARN_UNUSED_VARIABLE = YES;
				IPHONEOS_DEPLOYMENT_TARGET = 10.2;
				MTL_ENABLE_DEBUG_INFO = YES;
				ONLY_ACTIVE_ARCH = YES;
				SDKROOT = iphoneos;
				SWIFT_ACTIVE_COMPILATION_CONDITIONS = DEBUG;
				SWIFT_OPTIMIZATION_LEVEL = "-Onone";
				TARGETED_DEVICE_FAMILY = "1,2";
			};
			name = Debug;
		};
		C3F649521E64D4D1006B4DEE /* Release */ = {
			isa = XCBuildConfiguration;
			buildSettings = {
				ALWAYS_SEARCH_USER_PATHS = NO;
				CLANG_ANALYZER_NONNULL = YES;
				CLANG_CXX_LANGUAGE_STANDARD = "gnu++0x";
				CLANG_CXX_LIBRARY = "libc++";
				CLANG_ENABLE_MODULES = YES;
				CLANG_ENABLE_OBJC_ARC = YES;
				CLANG_WARN_BOOL_CONVERSION = YES;
				CLANG_WARN_CONSTANT_CONVERSION = YES;
				CLANG_WARN_DIRECT_OBJC_ISA_USAGE = YES_ERROR;
				CLANG_WARN_DOCUMENTATION_COMMENTS = YES;
				CLANG_WARN_EMPTY_BODY = YES;
				CLANG_WARN_ENUM_CONVERSION = YES;
				CLANG_WARN_INFINITE_RECURSION = YES;
				CLANG_WARN_INT_CONVERSION = YES;
				CLANG_WARN_OBJC_ROOT_CLASS = YES_ERROR;
				CLANG_WARN_SUSPICIOUS_MOVE = YES;
				CLANG_WARN_UNREACHABLE_CODE = YES;
				CLANG_WARN__DUPLICATE_METHOD_MATCH = YES;
				"CODE_SIGN_IDENTITY[sdk=iphoneos*]" = "iPhone Developer";
				COPY_PHASE_STRIP = NO;
				DEBUG_INFORMATION_FORMAT = "dwarf-with-dsym";
				ENABLE_NS_ASSERTIONS = NO;
				ENABLE_STRICT_OBJC_MSGSEND = YES;
				GCC_C_LANGUAGE_STANDARD = gnu99;
				GCC_NO_COMMON_BLOCKS = YES;
				GCC_WARN_64_TO_32_BIT_CONVERSION = YES;
				GCC_WARN_ABOUT_RETURN_TYPE = YES_ERROR;
				GCC_WARN_UNDECLARED_SELECTOR = YES;
				GCC_WARN_UNINITIALIZED_AUTOS = YES_AGGRESSIVE;
				GCC_WARN_UNUSED_FUNCTION = YES;
				GCC_WARN_UNUSED_VARIABLE = YES;
				IPHONEOS_DEPLOYMENT_TARGET = 10.2;
				MTL_ENABLE_DEBUG_INFO = NO;
				SDKROOT = iphoneos;
				SWIFT_OPTIMIZATION_LEVEL = "-Owholemodule";
				TARGETED_DEVICE_FAMILY = "1,2";
				VALIDATE_PRODUCT = YES;
			};
			name = Release;
		};
		C3F649541E64D4D1006B4DEE /* Debug */ = {
			isa = XCBuildConfiguration;
			buildSettings = {
				ASSETCATALOG_COMPILER_APPICON_NAME = AppIcon;
				INFOPLIST_FILE = Representatives/Info.plist;
				LD_RUNPATH_SEARCH_PATHS = "$(inherited) @executable_path/Frameworks";
				PRODUCT_BUNDLE_IDENTIFIER = com.example.Representatives;
				PRODUCT_NAME = "$(TARGET_NAME)";
				SWIFT_VERSION = 3.0;
			};
			name = Debug;
		};
		C3F649551E64D4D1006B4DEE /* Release */ = {
			isa = XCBuildConfiguration;
			buildSettings = {
				ASSETCATALOG_COMPILER_APPICON_NAME = AppIcon;
				INFOPLIST_FILE = Representatives/Info.plist;
				LD_RUNPATH_SEARCH_PATHS = "$(inherited) @executable_path/Frameworks";
				PRODUCT_BUNDLE_IDENTIFIER = com.example.Representatives;
				PRODUCT_NAME = "$(TARGET_NAME)";
				SWIFT_VERSION = 3.0;
			};
			name = Release;
		};
/* End XCBuildConfiguration section */

/* Begin XCConfigurationList section */
		C3F6493C1E64D4D1006B4DEE /* Build configuration list for PBXProject "Representatives" */ = {
			isa = XCConfigurationList;
			buildConfigurations = (
				C3F649511E64D4D1006B4DEE /* Debug */,
				C3F649521E64D4D1006B4DEE /* Release */,
			);
			defaultConfigurationIsVisible = 0;
			defaultConfigurationName = Release;
		};
		C3F649531E64D4D1006B4DEE /* Build configuration list for PBXNativeTarget "Representatives" */ = {
			isa = XCConfigurationList;
			buildConfigurations = (
				C3F649541E64D4D1006B4DEE /* Debug */,
				C3F649551E64D4D1006B4DEE /* Release */,
			);
			defaultConfigurationIsVisible = 0;
			defaultConfigurationName = Release;
		};
/* End XCConfigurationList section */
	};
	rootObject = C3F649391E64D4D1006B4DEE /* Project object */;
}
